
Microsoft Visual Studio Solution File, Format Version 12.00
# Visual Studio 15
VisualStudioVersion = 15.0.28307.168
MinimumVisualStudioVersion = 10.0.40219.1
Project("{FAE04EC0-301F-11D3-BF4B-00C04F79EFBC}") = "PetsRabbits", "PetsRabbits.csproj", "{78923E02-2AAB-47B8-AE4B-78E41E1527D0}"
EndProject
Global
	GlobalSection(SolutionConfigurationPlatforms) = preSolution
		Debug|Any CPU = Debug|Any CPU
		Release|Any CPU = Release|Any CPU
	EndGlobalSection
	GlobalSection(ProjectConfigurationPlatforms) = postSolution
		{78923E02-2AAB-47B8-AE4B-78E41E1527D0}.Debug|Any CPU.ActiveCfg = Debug|Any CPU
		{78923E02-2AAB-47B8-AE4B-78E41E1527D0}.Debug|Any CPU.Build.0 = Debug|Any CPU
		{78923E02-2AAB-47B8-AE4B-78E41E1527D0}.Release|Any CPU.ActiveCfg = Release|Any CPU
		{78923E02-2AAB-47B8-AE4B-78E41E1527D0}.Release|Any CPU.Build.0 = Release|Any CPU
	EndGlobalSection
	GlobalSection(SolutionProperties) = preSolution
		HideSolutionNode = FALSE
	EndGlobalSection
	GlobalSection(ExtensibilityGlobals) = postSolution
		SolutionGuid = {B1A7C833-0F57-4D78-BEE4-0F190680D554}
	EndGlobalSection
EndGlobal
